Microsoft Visual Studio Solution File, Format Version 12.00
# Visual Studio Version 17
VisualStudioVersion = 17.5.2.0
MinimumVisualStudioVersion = 10.0.40219.1
Project("{FAE04EC0-301F-11D3-BF4B-00C04F79EFBC}") = "Lab1v9", "Lab1v9\Lab1v9.csproj", "{5949FF48-CEA9-A76A-905F-B35B6097420D}"
EndProject
Global
	GlobalSection(SolutionConfigurationPlatforms) = preSolution
		Debug|Any CPU = Debug|Any CPU
		Release|Any CPU = Release|Any CPU
	EndGlobalSection
	GlobalSection(ProjectConfigurationPlatforms) = postSolution
		{5949FF48-CEA9-A76A-905F-B35B6097420D}.Debug|Any CPU.ActiveCfg = Debug|Any CPU
		{5949FF48-CEA9-A76A-905F-B35B6097420D}.Debug|Any CPU.Build.0 = Debug|Any CPU
		{5949FF48-CEA9-A76A-905F-B35B6097420D}.Release|Any CPU.ActiveCfg = Release|Any CPU
		{5949FF48-CEA9-A76A-905F-B35B6097420D}.Release|Any CPU.Build.0 = Release|Any CPU
	EndGlobalSection
	GlobalSection(SolutionProperties) = preSolution
		HideSolutionNode = FALSE
	EndGlobalSection
	GlobalSection(ExtensibilityGlobals) = postSolution
		SolutionGuid = {F5059A09-0FB4-46A1-82A5-CB7DCE95B0F4}
	EndGlobalSection
EndGlobal
