Microsoft Visual Studio Solution File, Format Version 12.00
# Visual Studio Version 17
VisualStudioVersion = 17.5.2.0
MinimumVisualStudioVersion = 10.0.40219.1
Project("{FAE04EC0-301F-11D3-BF4B-00C04F79EFBC}") = "lab30v9", "lab30v9.csproj", "{247A58CD-B158-055E-68C0-6C50EF844E70}"
EndProject
Global
	GlobalSection(SolutionConfigurationPlatforms) = preSolution
		Debug|Any CPU = Debug|Any CPU
		Release|Any CPU = Release|Any CPU
	EndGlobalSection
	GlobalSection(ProjectConfigurationPlatforms) = postSolution
		{247A58CD-B158-055E-68C0-6C50EF844E70}.Debug|Any CPU.ActiveCfg = Debug|Any CPU
		{247A58CD-B158-055E-68C0-6C50EF844E70}.Debug|Any CPU.Build.0 = Debug|Any CPU
		{247A58CD-B158-055E-68C0-6C50EF844E70}.Release|Any CPU.ActiveCfg = Release|Any CPU
		{247A58CD-B158-055E-68C0-6C50EF844E70}.Release|Any CPU.Build.0 = Release|Any CPU
	EndGlobalSection
	GlobalSection(SolutionProperties) = preSolution
		HideSolutionNode = FALSE
	EndGlobalSection
	GlobalSection(ExtensibilityGlobals) = postSolution
		SolutionGuid = {3955FB02-83E0-4200-AD87-2490276241DC}
	EndGlobalSection
EndGlobal
